%{"csv": {:hex, :csv, "2.0.0", "c66fea89ba7862b94901baf0871285e9b73cad89c5fdb57a6386d2adcf29593e", [:mix], [{:parallel_stream, "~> 1.0.4", [hex: :parallel_stream, repo: "hexpm", optional: false]}], "hexpm"},
  "earmark": {:hex, :earmark, "0.2.1", "ba6d26ceb16106d069b289df66751734802777a3cbb6787026dd800ffeb850f3", [:mix], [], "hexpm"},
  "ex_doc": {:hex, :ex_doc, "0.12.0", "b774aabfede4af31c0301aece12371cbd25995a21bb3d71d66f5c2fe074c603f", [:mix], [{:earmark, "~> 0.2", [hex: :earmark, repo: "hexpm", optional: false]}], "hexpm"},
  "explot": {:hex, :explot, "0.1.0", "26d4f68ab5c24e6304e2a65830614a18620399dac22b91501e1b6a954a74c9dd", [:mix], [], "hexpm"},
  "exprintf": {:hex, :exprintf, "0.2.1", "b7e895dfb00520cfb7fc1671303b63b37dc3897c59be7cbf1ae62f766a8a0314", [:mix], [], "hexpm"},
  "expyplot": {:hex, :expyplot, "1.1.2", "14066ba56904b3c54e62fdd3c4392844f69ade5f8d722a47b67267e4b4a0201d", [:mix], [{:earmark, "~> 0.1", [hex: :earmark, repo: "hexpm", optional: false]}, {:ex_doc, "~> 0.11", [hex: :ex_doc, repo: "hexpm", optional: false]}, {:statistics, "~> 0.4.1", [hex: :statistics, repo: "hexpm", optional: false]}], "hexpm"},
  "matrix": {:hex, :matrix, "0.3.2", "9c826bc3a1117bf5e1c5cdcf3a3d95456c93bc2e127a04e363e9fc90b724f784", [:mix], [{:exprintf, "~> 0.1", [hex: :exprintf, repo: "hexpm", optional: false]}], "hexpm"},
  "parallel_stream": {:hex, :parallel_stream, "1.0.5", "4c78d3e675f9eff885cbe252c89a8fc1d2fb803c0d03a914281e587834e09431", [:mix], [], "hexpm"},
  "statistics": {:hex, :statistics, "0.4.1", "e9bfe6649f70842d9ebce69aa31ac8b6928e096bde43b683d7d673057237d028", [:mix], [], "hexpm"}}
